// !$*UTF8*$!
{
	archiveVersion = 1;
	classes = {
	};
	objectVersion = 46;
	objects = {

/* Begin PBXBuildFile section */
		77D58BC71C0569AE00F4FB12 /* main.m in Sources */ = {isa = PBXBuildFile; fileRef = 77D58BC61C0569AE00F4FB12 /* main.m */; };
		77D58BCA1C0569AE00F4FB12 /* AppDelegate.m in Sources */ = {isa = PBXBuildFile; fileRef = 77D58BC91C0569AE00F4FB12 /* AppDelegate.m */; };
		77D58BCD1C0569AE00F4FB12 /* ViewController.m in Sources */ = {isa = PBXBuildFile; fileRef = 77D58BCC1C0569AE00F4FB12 /* ViewController.m */; };
		77D58BD01C0569AE00F4FB12 /* Main.storyboard in Resources */ = {isa = PBXBuildFile; fileRef = 77D58BCE1C0569AE00F4FB12 /* Main.storyboard */; };
		77D58BD21C0569AE00F4FB12 /* Assets.xcassets in Resources */ = {isa = PBXBuildFile; fileRef = 77D58BD11C0569AE00F4FB12 /* Assets.xcassets */; };
		77D58BD51C0569AE00F4FB12 /* LaunchScreen.storyboard in Resources */ = {isa = PBXBuildFile; fileRef = 77D58BD31C0569AE00F4FB12 /* LaunchScreen.storyboard */; };
		77D58BDE1C056B6200F4FB12 /* PTTableCollectionView.m in Sources */ = {isa = PBXBuildFile; fileRef = 77D58BDD1C056B6200F4FB12 /* PTTableCollectionView.m */; };
		77D58BE11C056D6F00F4FB12 /* PTTableLeftCell.m in Sources */ = {isa = PBXBuildFile; fileRef = 77D58BE01C056D6F00F4FB12 /* PTTableLeftCell.m */; };
/* End PBXBuildFile section */

/* Begin PBXFileReference section */
		77D58BC21C0569AE00F4FB12 /* PTTableCollectionView.app */ = {isa = PBXFileReference; explicitFileType = wrapper.application; includeInIndex = 0; path = PTTableCollectionView.app; sourceTree = BUILT_PRODUCTS_DIR; };
		77D58BC61C0569AE00F4FB12 /* main.m */ = {isa = PBXFileReference; lastKnownFileType = sourcecode.c.objc; path = main.m; sourceTree = "<group>"; };
		77D58BC81C0569AE00F4FB12 /* AppDelegate.h */ = {isa = PBXFileReference; lastKnownFileType = sourcecode.c.h; path = AppDelegate.h; sourceTree = "<group>"; };
		77D58BC91C0569AE00F4FB12 /* AppDelegate.m */ = {isa = PBXFileReference; lastKnownFileType = sourcecode.c.objc; path = AppDelegate.m; sourceTree = "<group>"; };
		77D58BCB1C0569AE00F4FB12 /* ViewController.h */ = {isa = PBXFileReference; lastKnownFileType = sourcecode.c.h; path = ViewController.h; sourceTree = "<group>"; };
		77D58BCC1C0569AE00F4FB12 /* ViewController.m */ = {isa = PBXFileReference; lastKnownFileType = sourcecode.c.objc; path = ViewController.m; sourceTree = "<group>"; };
		77D58BCF1C0569AE00F4FB12 /* Base */ = {isa = PBXFileReference; lastKnownFileType = file.storyboard; name = Base; path = Base.lproj/Main.storyboard; sourceTree = "<group>"; };
		77D58BD11C0569AE00F4FB12 /* Assets.xcassets */ = {isa = PBXFileReference; lastKnownFileType = folder.assetcatalog; path = Assets.xcassets; sourceTree = "<group>"; };
		77D58BD41C0569AE00F4FB12 /* Base */ = {isa = PBXFileReference; lastKnownFileType = file.storyboard; name = Base; path = Base.lproj/LaunchScreen.storyboard; sourceTree = "<group>"; };
		77D58BD61C0569AE00F4FB12 /* Info.plist */ = {isa = PBXFileReference; lastKnownFileType = text.plist.xml; path = Info.plist; sourceTree = "<group>"; };
		77D58BDC1C056B6200F4FB12 /* PTTableCollectionView.h */ = {isa = PBXFileReference; fileEncoding = 4; lastKnownFileType = sourcecode.c.h; path = PTTableCollectionView.h; sourceTree = "<group>"; };
		77D58BDD1C056B6200F4FB12 /* PTTableCollectionView.m */ = {isa = PBXFileReference; fileEncoding = 4; lastKnownFileType = sourcecode.c.objc; path = PTTableCollectionView.m; sourceTree = "<group>"; };
		77D58BDF1C056D6F00F4FB12 /* PTTableLeftCell.h */ = {isa = PBXFileReference; fileEncoding = 4; lastKnownFileType = sourcecode.c.h; path = PTTableLeftCell.h; sourceTree = "<group>"; };
		77D58BE01C056D6F00F4FB12 /* PTTableLeftCell.m */ = {isa = PBXFileReference; fileEncoding = 4; lastKnownFileType = sourcecode.c.objc; path = PTTableLeftCell.m; sourceTree = "<group>"; };
/* End PBXFileReference section */

/* Begin PBXFrameworksBuildPhase section */
		77D58BBF1C0569AE00F4FB12 /* Frameworks */ = {
			isa = PBXFrameworksBuildPhase;
			buildActionMask = 2147483647;
			files = (
			);
			runOnlyForDeploymentPostprocessing = 0;
		};
/* End PBXFrameworksBuildPhase section */

/* Begin PBXGroup section */
		77D58BB91C0569AE00F4FB12 = {
			isa = PBXGroup;
			children = (
				77D58BC41C0569AE00F4FB12 /* PTTableCollectionView */,
				77D58BC31C0569AE00F4FB12 /* Products */,
			);
			sourceTree = "<group>";
		};
		77D58BC31C0569AE00F4FB12 /* Products */ = {
			isa = PBXGroup;
			children = (
				77D58BC21C0569AE00F4FB12 /* PTTableCollectionView.app */,
			);
			name = Products;
			sourceTree = "<group>";
		};
		77D58BC41C0569AE00F4FB12 /* PTTableCollectionView */ = {
			isa = PBXGroup;
			children = (
				77D58BC81C0569AE00F4FB12 /* AppDelegate.h */,
				77D58BC91C0569AE00F4FB12 /* AppDelegate.m */,
				77D58BCB1C0569AE00F4FB12 /* ViewController.h */,
				77D58BCC1C0569AE00F4FB12 /* ViewController.m */,
				77D58BDC1C056B6200F4FB12 /* PTTableCollectionView.h */,
				77D58BDD1C056B6200F4FB12 /* PTTableCollectionView.m */,
				77D58BDF1C056D6F00F4FB12 /* PTTableLeftCell.h */,
				77D58BE01C056D6F00F4FB12 /* PTTableLeftCell.m */,
				77D58BCE1C0569AE00F4FB12 /* Main.storyboard */,
				77D58BD11C0569AE00F4FB12 /* Assets.xcassets */,
				77D58BD31C0569AE00F4FB12 /* LaunchScreen.storyboard */,
				77D58BD61C0569AE00F4FB12 /* Info.plist */,
				77D58BC51C0569AE00F4FB12 /* Supporting Files */,
			);
			path = PTTableCollectionView;
			sourceTree = "<group>";
		};
		77D58BC51C0569AE00F4FB12 /* Supporting Files */ = {
			isa = PBXGroup;
			children = (
				77D58BC61C0569AE00F4FB12 /* main.m */,
			);
			name = "Supporting Files";
			sourceTree = "<group>";
		};
/* End PBXGroup section */

/* Begin PBXNativeTarget section */
		77D58BC11C0569AE00F4FB12 /* PTTableCollectionView */ = {
			isa = PBXNativeTarget;
			buildConfigurationList = 77D58BD91C0569AE00F4FB12 /* Build configuration list for PBXNativeTarget "PTTableCollectionView" */;
			buildPhases = (
				77D58BBE1C0569AE00F4FB12 /* Sources */,
				77D58BBF1C0569AE00F4FB12 /* Frameworks */,
				77D58BC01C0569AE00F4FB12 /* Resources */,
			);
			buildRules = (
			);
			dependencies = (
			);
			name = PTTableCollectionView;
			productName = PTTableCollectionView;
			productReference = 77D58BC21C0569AE00F4FB12 /* PTTableCollectionView.app */;
			productType = "com.apple.product-type.application";
		};
/* End PBXNativeTarget section */

/* Begin PBXProject section */
		77D58BBA1C0569AE00F4FB12 /* Project object */ = {
			isa = PBXProject;
			attributes = {
				LastUpgradeCheck = 0710;
				ORGANIZATIONNAME = "Peng Tao";
				TargetAttributes = {
					77D58BC11C0569AE00F4FB12 = {
						CreatedOnToolsVersion = 7.1;
					};
				};
			};
			buildConfigurationList = 77D58BBD1C0569AE00F4FB12 /* Build configuration list for PBXProject "PTTableCollectionView" */;
			compatibilityVersion = "Xcode 3.2";
			developmentRegion = English;
			hasScannedForEncodings = 0;
			knownRegions = (
				en,
				Base,
			);
			mainGroup = 77D58BB91C0569AE00F4FB12;
			productRefGroup = 77D58BC31C0569AE00F4FB12 /* Products */;
			projectDirPath = "";
			projectRoot = "";
			targets = (
				77D58BC11C0569AE00F4FB12 /* PTTableCollectionView */,
			);
		};
/* End PBXProject section */

/* Begin PBXResourcesBuildPhase section */
		77D58BC01C0569AE00F4FB12 /* Resources */ = {
			isa = PBXResourcesBuildPhase;
			buildActionMask = 2147483647;
			files = (
				77D58BD51C0569AE00F4FB12 /* LaunchScreen.storyboard in Resources */,
				77D58BD21C0569AE00F4FB12 /* Assets.xcassets in Resources */,
				77D58BD01C0569AE00F4FB12 /* Main.storyboard in Resources */,
			);
			runOnlyForDeploymentPostprocessing = 0;
		};
/* End PBXResourcesBuildPhase section */

/* Begin PBXSourcesBuildPhase section */
		77D58BBE1C0569AE00F4FB12 /* Sources */ = {
			isa = PBXSourcesBuildPhase;
			buildActionMask = 2147483647;
			files = (
				77D58BCD1C0569AE00F4FB12 /* ViewController.m in Sources */,
				77D58BE11C056D6F00F4FB12 /* PTTableLeftCell.m in Sources */,
				77D58BDE1C056B6200F4FB12 /* PTTableCollectionView.m in Sources */,
				77D58BCA1C0569AE00F4FB12 /* AppDelegate.m in Sources */,
				77D58BC71C0569AE00F4FB12 /* main.m in Sources */,
			);
			runOnlyForDeploymentPostprocessing = 0;
		};
/* End PBXSourcesBuildPhase section */

/* Begin PBXVariantGroup section */
		77D58BCE1C0569AE00F4FB12 /* Main.storyboard */ = {
			isa = PBXVariantGroup;
			children = (
				77D58BCF1C0569AE00F4FB12 /* Base */,
			);
			name = Main.storyboard;
			sourceTree = "<group>";
		};
		77D58BD31C0569AE00F4FB12 /* LaunchScreen.storyboard */ = {
			isa = PBXVariantGroup;
			children = (
				77D58BD41C0569AE00F4FB12 /* Base */,
			);
			name = LaunchScreen.storyboard;
			sourceTree = "<group>";
		};
/* End PBXVariantGroup section */

/* Begin XCBuildConfiguration section */
		77D58BD71C0569AE00F4FB12 /* Debug */ = {
			isa = XCBuildConfiguration;
			buildSettings = {
				ALWAYS_SEARCH_USER_PATHS = NO;
				CLANG_CXX_LANGUAGE_STANDARD = "gnu++0x";
				CLANG_CXX_LIBRARY = "libc++";
				CLANG_ENABLE_MODULES = YES;
				CLANG_ENABLE_OBJC_ARC = YES;
				CLANG_WARN_BOOL_CONVERSION = YES;
				CLANG_WARN_CONSTANT_CONVERSION = YES;
				CLANG_WARN_DIRECT_OBJC_ISA_USAGE = YES_ERROR;
				CLANG_WARN_EMPTY_BODY = YES;
				CLANG_WARN_ENUM_CONVERSION = YES;
				CLANG_WARN_INT_CONVERSION = YES;
				CLANG_WARN_OBJC_ROOT_CLASS = YES_ERROR;
				CLANG_WARN_UNREACHABLE_CODE = YES;
				CLANG_WARN__DUPLICATE_METHOD_MATCH = YES;
				"CODE_SIGN_IDENTITY[sdk=iphoneos*]" = "iPhone Developer";
				COPY_PHASE_STRIP = NO;
				DEBUG_INFORMATION_FORMAT = dwarf;
				ENABLE_STRICT_OBJC_MSGSEND = YES;
				ENABLE_TESTABILITY = YES;
				GCC_C_LANGUAGE_STANDARD = gnu99;
				GCC_DYNAMIC_NO_PIC = NO;
				GCC_NO_COMMON_BLOCKS = YES;
				GCC_OPTIMIZATION_LEVEL = 0;
				GCC_PREPROCESSOR_DEFINITIONS = (
					"DEBUG=1",
					"$(inherited)",
				);
				GCC_WARN_64_TO_32_BIT_CONVERSION = YES;
				GCC_WARN_ABOUT_RETURN_TYPE = YES_ERROR;
				GCC_WARN_UNDECLARED_SELECTOR = YES;
				GCC_WARN_UNINITIALIZED_AUTOS = YES_AGGRESSIVE;
				GCC_WARN_UNUSED_FUNCTION = YES;
				GCC_WARN_UNUSED_VARIABLE = YES;
				IPHONEOS_DEPLOYMENT_TARGET = 9.1;
				MTL_ENABLE_DEBUG_INFO = YES;
				ONLY_ACTIVE_ARCH = YES;
				SDKROOT = iphoneos;
			};
			name = Debug;
		};
		77D58BD81C0569AE00F4FB12 /* Release */ = {
			isa = XCBuildConfiguration;
			buildSettings = {
				ALWAYS_SEARCH_USER_PATHS = NO;
				CLANG_CXX_LANGUAGE_STANDARD = "gnu++0x";
				CLANG_CXX_LIBRARY = "libc++";
				CLANG_ENABLE_MODULES = YES;
				CLANG_ENABLE_OBJC_ARC = YES;
				CLANG_WARN_BOOL_CONVERSION = YES;
				CLANG_WARN_CONSTANT_CONVERSION = YES;
				CLANG_WARN_DIRECT_OBJC_ISA_USAGE = YES_ERROR;
				CLANG_WARN_EMPTY_BODY = YES;
				CLANG_WARN_ENUM_CONVERSION = YES;
				CLANG_WARN_INT_CONVERSION = YES;
				CLANG_WARN_OBJC_ROOT_CLASS = YES_ERROR;
				CLANG_WARN_UNREACHABLE_CODE = YES;
				CLANG_WARN__DUPLICATE_METHOD_MATCH = YES;
				"CODE_SIGN_IDENTITY[sdk=iphoneos*]" = "iPhone Developer";
				COPY_PHASE_STRIP = NO;
				DEBUG_INFORMATION_FORMAT = "dwarf-with-dsym";
				ENABLE_NS_ASSERTIONS = NO;
				ENABLE_STRICT_OBJC_MSGSEND = YES;
				GCC_C_LANGUAGE_STANDARD = gnu99;
				GCC_NO_COMMON_BLOCKS = YES;
				GCC_WARN_64_TO_32_BIT_CONVERSION = YES;
				GCC_WARN_ABOUT_RETURN_TYPE = YES_ERROR;
				GCC_WARN_UNDECLARED_SELECTOR = YES;
				GCC_WARN_UNINITIALIZED_AUTOS = YES_AGGRESSIVE;
				GCC_WARN_UNUSED_FUNCTION = YES;
				GCC_WARN_UNUSED_VARIABLE = YES;
				IPHONEOS_DEPLOYMENT_TARGET = 9.1;
				MTL_ENABLE_DEBUG_INFO = NO;
				SDKROOT = iphoneos;
				VALIDATE_PRODUCT = YES;
			};
			name = Release;
		};
		77D58BDA1C0569AE00F4FB12 /* Debug */ = {
			isa = XCBuildConfiguration;
			buildSettings = {
				ASSETCATALOG_COMPILER_APPICON_NAME = AppIcon;
				INFOPLIST_FILE = PTTableCollectionView/Info.plist;
				IPHONEOS_DEPLOYMENT_TARGET = 8;
				LD_RUNPATH_SEARCH_PATHS = "$(inherited) @executable_path/Frameworks";
				PRODUCT_BUNDLE_IDENTIFIER = com.tttpeng.PTTableCollectionView;
				PRODUCT_NAME = "$(TARGET_NAME)";
				TARGETED_DEVICE_FAMILY = "1,2";
			};
			name = Debug;
		};
		77D58BDB1C0569AE00F4FB12 /* Release */ = {
			isa = XCBuildConfiguration;
			buildSettings = {
				ASSETCATALOG_COMPILER_APPICON_NAME = AppIcon;
				INFOPLIST_FILE = PTTableCollectionView/Info.plist;
				IPHONEOS_DEPLOYMENT_TARGET = 8;
				LD_RUNPATH_SEARCH_PATHS = "$(inherited) @executable_path/Frameworks";
				PRODUCT_BUNDLE_IDENTIFIER = com.tttpeng.PTTableCollectionView;
				PRODUCT_NAME = "$(TARGET_NAME)";
				TARGETED_DEVICE_FAMILY = "1,2";
			};
			name = Release;
		};
/* End XCBuildConfiguration section */

/* Begin XCConfigurationList section */
		77D58BBD1C0569AE00F4FB12 /* Build configuration list for PBXProject "PTTableCollectionView" */ = {
			isa = XCConfigurationList;
			buildConfigurations = (
				77D58BD71C0569AE00F4FB12 /* Debug */,
				77D58BD81C0569AE00F4FB12 /* Release */,
			);
			defaultConfigurationIsVisible = 0;
			defaultConfigurationName = Release;
		};
		77D58BD91C0569AE00F4FB12 /* Build configuration list for PBXNativeTarget "PTTableCollectionView" */ = {
			isa = XCConfigurationList;
			buildConfigurations = (
				77D58BDA1C0569AE00F4FB12 /* Debug */,
				77D58BDB1C0569AE00F4FB12 /* Release */,
			);
			defaultConfigurationIsVisible = 0;
		};
/* End XCConfigurationList section */
	};
	rootObject = 77D58BBA1C0569AE00F4FB12 /* Project object */;
}
